
Microsoft Visual Studio Solution File, Format Version 12.00
# Visual Studio Version 17
VisualStudioVersion = 17.9.34622.214
MinimumVisualStudioVersion = 10.0.40219.1
Project("{FAE04EC0-301F-11D3-BF4B-00C04F79EFBC}") = "Basic Calculator", "Basic Calculator\Basic Calculator.csproj", "{1C220BEF-D3AC-4734-B040-F6832487D272}"
EndProject
Global
	GlobalSection(SolutionConfigurationPlatforms) = preSolution
		Debug|Any CPU = Debug|Any CPU
		Release|Any CPU = Release|Any CPU
	EndGlobalSection
	GlobalSection(ProjectConfigurationPlatforms) = postSolution
		{1C220BEF-D3AC-4734-B040-F6832487D272}.Debug|Any CPU.ActiveCfg = Debug|Any CPU
		{1C220BEF-D3AC-4734-B040-F6832487D272}.Debug|Any CPU.Build.0 = Debug|Any CPU
		{1C220BEF-D3AC-4734-B040-F6832487D272}.Release|Any CPU.ActiveCfg = Release|Any CPU
		{1C220BEF-D3AC-4734-B040-F6832487D272}.Release|Any CPU.Build.0 = Release|Any CPU
	EndGlobalSection
	GlobalSection(SolutionProperties) = preSolution
		HideSolutionNode = FALSE
	EndGlobalSection
	GlobalSection(ExtensibilityGlobals) = postSolution
		SolutionGuid = {C148392E-3349-4500-ABD7-F42D4875C851}
	EndGlobalSection
EndGlobal
